
Microsoft Visual Studio Solution File, Format Version 11.00
# Visual Studio 2010
Project("{FAE04EC0-301F-11D3-BF4B-00C04F79EFBC}") = "Assembly-CSharp", "Assembly-CSharp.csproj", "{a72243f6-85d4-9584-4c1b-7bf23ce66fae}"
EndProject
Project("{FAE04EC0-301F-11D3-BF4B-00C04F79EFBC}") = "Assembly-CSharp-Editor", "Assembly-CSharp-Editor.csproj", "{8fab91e8-6468-4fbe-a809-ee6f994688e0}"
EndProject
Global
	GlobalSection(SolutionConfigurationPlatforms) = preSolution
		Debug|Any CPU = Debug|Any CPU
	EndGlobalSection
	GlobalSection(ProjectConfigurationPlatforms) = postSolution
		{a72243f6-85d4-9584-4c1b-7bf23ce66fae}.Debug|Any CPU.ActiveCfg = Debug|Any CPU
		{a72243f6-85d4-9584-4c1b-7bf23ce66fae}.Debug|Any CPU.Build.0 = Debug|Any CPU
		{8fab91e8-6468-4fbe-a809-ee6f994688e0}.Debug|Any CPU.ActiveCfg = Debug|Any CPU
		{8fab91e8-6468-4fbe-a809-ee6f994688e0}.Debug|Any CPU.Build.0 = Debug|Any CPU
	EndGlobalSection
	GlobalSection(SolutionProperties) = preSolution
		HideSolutionNode = FALSE
	EndGlobalSection
EndGlobal
